
Microsoft Visual Studio Solution File, Format Version 12.00
# Visual Studio Version 16
VisualStudioVersion = 16.0.30517.126
MinimumVisualStudioVersion = 10.0.40219.1
Project("{FAE04EC0-301F-11D3-BF4B-00C04F79EFBC}") = "Calculator", "Calculator\Calculator.csproj", "{71FC3929-7485-4C8D-8714-3EFE8CB263DB}"
EndProject
Global
	GlobalSection(SolutionConfigurationPlatforms) = preSolution
		Debug|Any CPU = Debug|Any CPU
		Release|Any CPU = Release|Any CPU
	EndGlobalSection
	GlobalSection(ProjectConfigurationPlatforms) = postSolution
		{71FC3929-7485-4C8D-8714-3EFE8CB263DB}.Debug|Any CPU.ActiveCfg = Debug|Any CPU
		{71FC3929-7485-4C8D-8714-3EFE8CB263DB}.Debug|Any CPU.Build.0 = Debug|Any CPU
		{71FC3929-7485-4C8D-8714-3EFE8CB263DB}.Release|Any CPU.ActiveCfg = Release|Any CPU
		{71FC3929-7485-4C8D-8714-3EFE8CB263DB}.Release|Any CPU.Build.0 = Release|Any CPU
	EndGlobalSection
	GlobalSection(SolutionProperties) = preSolution
		HideSolutionNode = FALSE
	EndGlobalSection
	GlobalSection(ExtensibilityGlobals) = postSolution
		SolutionGuid = {7A7D2DA3-6B55-4DEE-A7E6-7A1CE58B08DF}
	EndGlobalSection
EndGlobal
